{
  "name": "siai-ifms-na",
  "version": "1.0.0",
  "lockfileVersion": 1,
  "requires": true,
  "dependencies": {
    "bulma": {
      "version": "0.6.2",
      "resolved": "https://registry.npmjs.org/bulma/-/bulma-0.6.2.tgz",
      "integrity": "sha1-9LHRHVrMUaeWROsKKwsQZJ09cfU="
    },
    "fancybox": {
      "version": "3.0.1",
      "resolved": "https://registry.npmjs.org/fancybox/-/fancybox-3.0.1.tgz",
      "integrity": "sha512-HZ57O6j5Zk4Uvusd5pNUgWi7CCjKx+HFlCzjMPeRJ//0bQWUK+xVpkn3EzXWJate4ZSKNFP9kU2l49MP1g+oow=="
    },
    "highcharts": {
      "version": "7.1.3",
      "resolved": "https://registry.npmjs.org/highcharts/-/highcharts-7.1.3.tgz",
      "integrity": "sha512-aHAzlSf/czqJlpVt96jYkirWrIV1ZNHgxsTAyk2R5CcG/0V1G8Ge65p76eFqZQp7C8+cA8e6g1xsAPj51MsJ3Q=="
    },
    "jquery-mask-plugin": {
      "version": "1.14.16",
      "resolved": "https://registry.npmjs.org/jquery-mask-plugin/-/jquery-mask-plugin-1.14.16.tgz",
      "integrity": "sha512-reywdHlYEkPbzWjTpcc1fk9XQ3PLvO5dzEAVqy8zI7NTF22tB1HbeU3iboZTLdkBEPaWAqeI2HtEjsGQ4roZKw=="
    },
    "select2": {
      "version": "4.0.9",
      "resolved": "https://registry.npmjs.org/select2/-/select2-4.0.9.tgz",
      "integrity": "sha512-cpGBg3l6xItLRz/Ux6S+Tnt0pc4IQjrnhj525k9bhWIKHMwOIDXoMI6ejXZ/rt8NPNTNV27EEBPY5wqFvMdlkw=="
    }
  }
}
